{
  "nodes": {
    "edgepkgs": {
      "inputs": {
        "nixpkgs": "nixpkgs"
      },
      "locked": {
        "lastModified": 1791070409,
        "narHash": "sha256-ufmZFQGp490SeaetodoKrhK+Q+0TkCkPG04jLiwGlys=",
        "owner": "natsukium",
        "repo": "edgepkgs",
        "rev": "d2c4e0ff4d43fd7efda5249ccb7029f05856bb0c",
        "type": "github"
      },
      "original": {
        "owner": "natsukium",
        "repo": "edgepkgs",
        "type": "github"
      }
    },
    "emacs-lsp-booster": {
      "inputs": {
        "nixpkgs": "nixpkgs_2"
      },
      "locked": {
        "lastModified": 1744007427,
        "narHash": "sha256-eccCwW7GQVSk/WOCxt5izY5VdVknheI3oAXa0Xg9k9U=",
        "owner": "slotThe",
        "repo": "emacs-lsp-booster-flake",
        "rev": "8229947cf6d2f565a9aa882b7946c643099e1ef0",
        "type": "github"
      },
      "original": {
        "owner": "slotThe",
        "repo": "emacs-lsp-booster-flake",
        "type": "github"
      }
    },
    "emacs-overlay": {
      "inputs": {
        "nixpkgs": [
          "nixpkgs"
        ],
        "nixpkgs-stable": "nixpkgs-stable"
      },
      "locked": {
        "lastModified": 1791089655,
        "narHash": "sha256-UujzS0lYEmvenwnNfN0VvfFg4m6WTiF+IjzEEsnwZ6Q=",
        "owner": "nix-community",
        "repo": "emacs-overlay",
        "rev": "3bd20fe06096915a18319236709e3ca91cd6f880",
        "type": "github"
      },
      "original": {
        "owner": "nix-community",
        "repo": "emacs-overlay",
        "type": "github"
      }
    },
    "fenix": {
      "inputs": {
        "nixpkgs": "nixpkgs_3",
        "rust-analyzer-src": "rust-analyzer-src"
      },
      "locked": {
        "lastModified": 1790858958,
        "narHash": "sha256-am3DS8g9vyeQLKk9QQvmJoZLHGBUB1rtd6zVaGeq2Mc=",
        "owner": "nix-community",
        "repo": "fenix",
        "rev": "025bf5b6b0293c5ee3a3506a7e43ba64bc8bb1b7",
        "type": "github"
      },
      "original": {
        "owner": "nix-community",
        "ref": "monthly",
        "repo": "fenix",
        "type": "github"
      }
    },
    "home-manager": {
      "inputs": {
        "nixpkgs": [
          "nixpkgs"
        ]
      },
      "locked": {
        "lastModified": 1790989254,
        "narHash": "sha256-ZN+riaeFuE+DZ5zfqJiXlM12jLwZzeIXiNkU1YeHMXI=",
        "owner": "nix-community",
        "repo": "home-manager",
        "rev": "acd21c5a3420a9d5fd0ed06299b10828267ef9ba",
        "type": "github"
      },
      "original": {
        "owner": "nix-community",
        "repo": "home-manager",
        "type": "github"
      }
    },
    "my-nixpkgs": {
      "locked": {
        "lastModified": 1780129124,
        "narHash": "sha256-XgJ9b8aAsNQH+XWB6jKX4j6IpEoBIFoKCy/omRjqWv8=",
        "owner": "toyboot4e",
        "repo": "nixpkgs",
        "rev": "025dd7a538e8eeeeb0c93c2c8c897914568c95b4",
        "type": "github"
      },
      "original": {
        "owner": "toyboot4e",
        "ref": "online-judge-verify-helper",
        "repo": "nixpkgs",
        "type": "github"
      }
    },
    "nix-claude-code": {
      "inputs": {
        "nixpkgs": "nixpkgs_4"
      },
      "locked": {
        "lastModified": 1791060323,
        "narHash": "sha256-yY04wa12KQhZ4YtIZ6OIcrhoop0KUmlZU1cc7P+Tp1M=",
        "owner": "ryoppippi",
        "repo": "nix-claude-code",
        "rev": "d0aed0d8f9a644fb74f041512b2a6a3ad05b5a47",
        "type": "github"
      },
      "original": {
        "owner": "ryoppippi",
        "repo": "nix-claude-code",
        "type": "github"
      }
    },
    "nix-darwin": {
      "inputs": {
        "nixpkgs": [
          "nixpkgs"
        ]
      },
      "locked": {
        "lastModified": 1786845137,
        "narHash": "sha256-oQFip+v0luP8NIxJzmiW4Wu8bILsbFWom5l0zonl8hQ=",
        "owner": "LnL7",
        "repo": "nix-darwin",
        "rev": "4cff07de74b50e64bdd68cd4e722ab5b6b35ee48",
        "type": "github"
      },
      "original": {
        "owner": "LnL7",
        "repo": "nix-darwin",
        "type": "github"
      }
    },
    "nixpkgs": {
      "locked": {
        "lastModified": 1785301185,
        "narHash": "sha256-eoS3KQTO0aPWXZvIaRbRAzSSHW3l5wdMFXtT1ISfoKA=",
        "owner": "nixos",
        "repo": "nixpkgs",
        "rev": "9bc02893134c733dd85de46ee4fb2fac696b5529",
        "type": "github"
      },
      "original": {
        "owner": "nixos",
        "ref": "nixpkgs-unstable",
        "repo": "nixpkgs",
        "type": "github"
      }
    },
    "nixpkgs-stable": {
      "locked": {
        "lastModified": 1790920529,
        "narHash": "sha256-nQyFkMR78WP6PiXKkDW2SjqzLf/spQqjRuxRGSbcV8k=",
        "owner": "NixOS",
        "repo": "nixpkgs",
        "rev": "774debe7a0d1b496e35677ad955a1011c6ff74f3",
        "type": "github"
      },
      "original": {
        "owner": "NixOS",
        "ref": "nixos-26.05",
        "repo": "nixpkgs",
        "type": "github"
      }
    },
    "nixpkgs_2": {
      "locked": {
        "lastModified": 1743827369,
        "narHash": "sha256-rpqepOZ8Eo1zg+KJeWoq1HAOgoMCDloqv5r2EAa9TSA=",
        "owner": "NixOS",
        "repo": "nixpkgs",
        "rev": "42a1c966be226125b48c384171c44c651c236c22",
        "type": "github"
      },
      "original": {
        "owner": "NixOS",
        "ref": "nixos-unstable",
        "repo": "nixpkgs",
        "type": "github"
      }
    },
    "nixpkgs_3": {
      "locked": {
        "lastModified": 1790689126,
        "narHash": "sha256-ilerN1WLSvF+HMjziC/Wv99J5y02maDH+6hZPwsORKg=",
        "owner": "nixos",
        "repo": "nixpkgs",
        "rev": "b4fd65b198c599cbe814fcb9f42d25d021595ec9",
        "type": "github"
      },
      "original": {
        "owner": "nixos",
        "ref": "nixos-unstable",
        "repo": "nixpkgs",
        "type": "github"
      }
    },
    "nixpkgs_4": {
      "locked": {
        "lastModified": 1789785513,
        "narHash": "sha256-B44WL6h0XoLjJ41bUPJk0X5SDinLCII//6EcBLXKiJ0=",
        "owner": "NixOS",
        "repo": "nixpkgs",
        "rev": "20b1ddd1aa5ace70c9468305030aa4f9ef79671b",
        "type": "github"
      },
      "original": {
        "owner": "NixOS",
        "ref": "nixos-unstable",
        "repo": "nixpkgs",
        "type": "github"
      }
    },
    "nixpkgs_5": {
      "locked": {
        "lastModified": 1790822859,
        "narHash": "sha256-69xHQhAeMAD2wDXO7T2pcOZIF9Sga2W+JkmY2a11Ops=",
        "owner": "NixOS",
        "repo": "nixpkgs",
        "rev": "c59305bab2065cfecc4944690d9eedbb56f3a9fa",
        "type": "github"
      },
      "original": {
        "owner": "NixOS",
        "ref": "nixos-unstable",
        "repo": "nixpkgs",
        "type": "github"
      }
    },
    "nixpkgs_6": {
      "locked": {
        "lastModified": 1790822859,
        "narHash": "sha256-69xHQhAeMAD2wDXO7T2pcOZIF9Sga2W+JkmY2a11Ops=",
        "owner": "NixOS",
        "repo": "nixpkgs",
        "rev": "c59305bab2065cfecc4944690d9eedbb56f3a9fa",
        "type": "github"
      },
      "original": {
        "owner": "NixOS",
        "ref": "nixos-unstable",
        "repo": "nixpkgs",
        "type": "github"
      }
    },
    "nixpkgs_7": {
      "locked": {
        "lastModified": 1770107345,
        "narHash": "sha256-tbS0Ebx2PiA1FRW8mt8oejR0qMXmziJmPaU1d4kYY9g=",
        "owner": "nixos",
        "repo": "nixpkgs",
        "rev": "4533d9293756b63904b7238acb84ac8fe4c8c2c4",
        "type": "github"
      },
      "original": {
        "owner": "nixos",
        "ref": "nixpkgs-unstable",
        "repo": "nixpkgs",
        "type": "github"
      }
    },
    "plover": {
      "flake": false,
      "locked": {
        "lastModified": 1789911200,
        "narHash": "sha256-NmD29T/wOEtZiFadDGJngY1qse3j4oUkBl0VB6g/d20=",
        "owner": "openstenoproject",
        "repo": "plover",
        "rev": "cf61e73a907fd49714029726486cb99eaeb53fa9",
        "type": "github"
      },
      "original": {
        "owner": "openstenoproject",
        "repo": "plover",
        "type": "github"
      }
    },
    "plover-flake": {
      "inputs": {
        "nixpkgs": "nixpkgs_6",
        "plover": "plover",
        "plover-stroke": "plover-stroke",
        "plover2cat": "plover2cat",
        "plover_plugins_registry": "plover_plugins_registry",
        "rtf-tokenize": "rtf-tokenize",
        "treefmt-nix": "treefmt-nix"
      },
      "locked": {
        "lastModified": 1790935047,
        "narHash": "sha256-GWuGj/OIxqtgZ5BHLK/zD33DzPZ2a5TulyXg7W/pYco=",
        "owner": "openstenoproject",
        "repo": "plover-flake",
        "rev": "ba75934a68ac23361657421ffd5e63a5e8daaa4d",
        "type": "github"
      },
      "original": {
        "owner": "openstenoproject",
        "repo": "plover-flake",
        "type": "github"
      }
    },
    "plover-stroke": {
      "flake": false,
      "locked": {
        "lastModified": 1652559629,
        "narHash": "sha256-A75OMzmEn0VmDAvmQCp6/7uptxzwWJTwsih3kWlYioA=",
        "owner": "openstenoproject",
        "repo": "plover_stroke",
        "rev": "e717a1983b58dcba644153a542dbf8514425a39b",
        "type": "github"
      },
      "original": {
        "owner": "openstenoproject",
        "repo": "plover_stroke",
        "type": "github"
      }
    },
    "plover2cat": {
      "flake": false,
      "locked": {
        "lastModified": 1784932789,
        "narHash": "sha256-eJLeEhHKuCpAraKC55QqPbIsi34XDQI460bu/uGLMsQ=",
        "owner": "greenwyrt",
        "repo": "plover2CAT",
        "rev": "1925c9e412896c4dd6e5581540a26da5b5a37600",
        "type": "github"
      },
      "original": {
        "owner": "greenwyrt",
        "repo": "plover2CAT",
        "type": "github"
      }
    },
    "plover_plugins_registry": {
      "flake": false,
      "locked": {
        "lastModified": 1781383066,
        "narHash": "sha256-Ua3rkxKl2meIpMffoVfphWEX1W8pfO0HKg7PPwlaxX0=",
        "owner": "openstenoproject",
        "repo": "plover_plugins_registry",
        "rev": "cb0b36248c329642ae790f2f4a93f5e05c8b7c86",
        "type": "github"
      },
      "original": {
        "owner": "openstenoproject",
        "repo": "plover_plugins_registry",
        "type": "github"
      }
    },
    "root": {
      "inputs": {
        "edgepkgs": "edgepkgs",
        "emacs-lsp-booster": "emacs-lsp-booster",
        "emacs-overlay": "emacs-overlay",
        "fenix": "fenix",
        "home-manager": "home-manager",
        "my-nixpkgs": "my-nixpkgs",
        "nix-claude-code": "nix-claude-code",
        "nix-darwin": "nix-darwin",
        "nixpkgs": "nixpkgs_5",
        "plover-flake": "plover-flake"
      }
    },
    "rtf-tokenize": {
      "flake": false,
      "locked": {
        "lastModified": 1751102035,
        "narHash": "sha256-bM/DFl1mpHgeBItdyA5Tt+Eo9u82Gz+6qwft2h0bM94=",
        "owner": "openstenoproject",
        "repo": "rtf_tokenize",
        "rev": "5c4ad772f4b45ceb35b60584e22a171e90526916",
        "type": "github"
      },
      "original": {
        "owner": "openstenoproject",
        "repo": "rtf_tokenize",
        "type": "github"
      }
    },
    "rust-analyzer-src": {
      "flake": false,
      "locked": {
        "lastModified": 1790532271,
        "narHash": "sha256-j8y/AO3AMDF9p+11aIDhnA21JnNj5PjvcejTI43vI8Q=",
        "owner": "rust-lang",
        "repo": "rust-analyzer",
        "rev": "03fcb77246f2568adb0e9b2fa60d19c6cc1686f4",
        "type": "github"
      },
      "original": {
        "owner": "rust-lang",
        "ref": "nightly",
        "repo": "rust-analyzer",
        "type": "github"
      }
    },
    "treefmt-nix": {
      "inputs": {
        "nixpkgs": "nixpkgs_7"
      },
      "locked": {
        "lastModified": 1786901030,
        "narHash": "sha256-WSFCsDSE5ffgD2MqzkM2CYjeFiKhRF/dJUN8uedb6YE=",
        "owner": "numtide",
        "repo": "treefmt-nix",
        "rev": "27b3b12a8e6375f28ebe122f07d230ca5459bbfa",
        "type": "github"
      },
      "original": {
        "owner": "numtide",
        "repo": "treefmt-nix",
        "type": "github"
      }
    }
  },
  "root": "root",
  "version": 7
}
