{
  "nodes": {
    "emacs-lsp-booster": {
      "inputs": {
        "nixpkgs": "nixpkgs"
      },
      "locked": {
        "lastModified": 1744007427,
        "narHash": "sha256-eccCwW7GQVSk/WOCxt5izY5VdVknheI3oAXa0Xg9k9U=",
        "owner": "slotThe",
        "repo": "emacs-lsp-booster-flake",
        "rev": "8229947cf6d2f565a9aa882b7946c643099e1ef0",
        "type": "github"
      },
      "original": {
        "owner": "slotThe",
        "repo": "emacs-lsp-booster-flake",
        "type": "github"
      }
    },
    "emacs-overlay": {
      "inputs": {
        "nixpkgs": [
          "nixpkgs"
        ],
        "nixpkgs-stable": "nixpkgs-stable"
      },
      "locked": {
        "lastModified": 1748309015,
        "narHash": "sha256-NVgo/saT8uehYYwwhzWrTTFlpH0icR2E3tHHKsUouJ4=",
        "owner": "nix-community",
        "repo": "emacs-overlay",
        "rev": "0fba546d9aa235fc726fe9c8c3bb703e918c14c4",
        "type": "github"
      },
      "original": {
        "owner": "nix-community",
        "repo": "emacs-overlay",
        "type": "github"
      }
    },
    "fenix": {
      "inputs": {
        "nixpkgs": "nixpkgs_2",
        "rust-analyzer-src": "rust-analyzer-src"
      },
      "locked": {
        "lastModified": 1746081462,
        "narHash": "sha256-WmJBaktb33WwqNn5BwdJghAoiBnvnPhgHSBksTrF5K8=",
        "owner": "nix-community",
        "repo": "fenix",
        "rev": "e3be528e4f03538852ba49b413ec4ac843edeb60",
        "type": "github"
      },
      "original": {
        "owner": "nix-community",
        "ref": "monthly",
        "repo": "fenix",
        "type": "github"
      }
    },
    "home-manager": {
      "inputs": {
        "nixpkgs": [
          "nixpkgs"
        ]
      },
      "locked": {
        "lastModified": 1748227609,
        "narHash": "sha256-SaSdslyo6UGDpPUlmrPA4dWOEuxCy2ihRN9K6BnqYsA=",
        "owner": "nix-community",
        "repo": "home-manager",
        "rev": "d23d20f55d49d8818ac1f1b2783671e8a6725022",
        "type": "github"
      },
      "original": {
        "owner": "nix-community",
        "repo": "home-manager",
        "type": "github"
      }
    },
    "nixpkgs": {
      "locked": {
        "lastModified": 1743827369,
        "narHash": "sha256-rpqepOZ8Eo1zg+KJeWoq1HAOgoMCDloqv5r2EAa9TSA=",
        "owner": "NixOS",
        "repo": "nixpkgs",
        "rev": "42a1c966be226125b48c384171c44c651c236c22",
        "type": "github"
      },
      "original": {
        "owner": "NixOS",
        "ref": "nixos-unstable",
        "repo": "nixpkgs",
        "type": "github"
      }
    },
    "nixpkgs-fork": {
      "locked": {
        "lastModified": 1726494793,
        "narHash": "sha256-yyQ7hxsdWQ7MwR1QNM3BgJ+858qH/FKgFIFEazxFb7k=",
        "owner": "toyboot4e",
        "repo": "nixpkgs",
        "rev": "b3d5f45b15750db2eccf094ec68289a8047805e7",
        "type": "github"
      },
      "original": {
        "owner": "toyboot4e",
        "ref": "mozc",
        "repo": "nixpkgs",
        "type": "github"
      }
    },
    "nixpkgs-stable": {
      "locked": {
        "lastModified": 1748037224,
        "narHash": "sha256-92vihpZr6dwEMV6g98M5kHZIttrWahb9iRPBm1atcPk=",
        "owner": "NixOS",
        "repo": "nixpkgs",
        "rev": "f09dede81861f3a83f7f06641ead34f02f37597f",
        "type": "github"
      },
      "original": {
        "owner": "NixOS",
        "ref": "nixos-24.11",
        "repo": "nixpkgs",
        "type": "github"
      }
    },
    "nixpkgs_2": {
      "locked": {
        "lastModified": 1745930157,
        "narHash": "sha256-y3h3NLnzRSiUkYpnfvnS669zWZLoqqI6NprtLQ+5dck=",
        "owner": "nixos",
        "repo": "nixpkgs",
        "rev": "46e634be05ce9dc6d4db8e664515ba10b78151ae",
        "type": "github"
      },
      "original": {
        "owner": "nixos",
        "ref": "nixos-unstable",
        "repo": "nixpkgs",
        "type": "github"
      }
    },
    "nixpkgs_3": {
      "locked": {
        "lastModified": 1748190013,
        "narHash": "sha256-R5HJFflOfsP5FBtk+zE8FpL8uqE7n62jqOsADvVshhE=",
        "owner": "NixOS",
        "repo": "nixpkgs",
        "rev": "62b852f6c6742134ade1abdd2a21685fd617a291",
        "type": "github"
      },
      "original": {
        "owner": "NixOS",
        "ref": "nixos-unstable",
        "repo": "nixpkgs",
        "type": "github"
      }
    },
    "root": {
      "inputs": {
        "emacs-lsp-booster": "emacs-lsp-booster",
        "emacs-overlay": "emacs-overlay",
        "fenix": "fenix",
        "home-manager": "home-manager",
        "nixpkgs": "nixpkgs_3",
        "nixpkgs-fork": "nixpkgs-fork"
      }
    },
    "rust-analyzer-src": {
      "flake": false,
      "locked": {
        "lastModified": 1746024678,
        "narHash": "sha256-Q5J7+RoTPH4zPeu0Ka7iSXtXty228zKjS0Ed4R+ohpA=",
        "owner": "rust-lang",
        "repo": "rust-analyzer",
        "rev": "5d66d45005fef79751294419ab9a9fa304dfdf5c",
        "type": "github"
      },
      "original": {
        "owner": "rust-lang",
        "ref": "nightly",
        "repo": "rust-analyzer",
        "type": "github"
      }
    }
  },
  "root": "root",
  "version": 7
}
